# This file is automatically generated.
# It is not intended for manual editing.
version = 1

[[packages]]
name = "gcloud:secretmanager"
registry = "ghcr.io"

[[packages.versions]]
requirement = "=0.2.0"
version = "0.2.0"
digest = "sha256:5a0e8f0de54b4613692a49703d87199c8c3d902c9d66bb79e1988c67f61d7178"
