# This file is automatically generated.
# It is not intended for manual editing.
version = 1

[[packages]]
name = "gcloud:secretmanager"
registry = "ghcr.io"

[[packages.versions]]
requirement = "=0.1.0"
version = "0.1.0"
digest = "sha256:f7602b002d05b520460ea1c7183088889ccc23ef22979a8df106cd79dfd977c7"
